
Microsoft Visual Studio Solution File, Format Version 12.00
# Visual Studio 14
VisualStudioVersion = 14.0.25123.0
MinimumVisualStudioVersion = 10.0.40219.1
Project("{2150E333-8FDC-42A3-9474-1A3956D46DE8}") = "src", "src", "{263A9531-33AF-4CD2-9898-6335EFB5CE95}"
EndProject
Project("{2150E333-8FDC-42A3-9474-1A3956D46DE8}") = "Solution Items", "Solution Items", "{7C4AA7F9-760B-4472-A36F-ADB9844D5CED}"
	ProjectSection(SolutionItems) = preProject
		global.json = global.json
	EndProjectSection
EndProject
Project("{2150E333-8FDC-42A3-9474-1A3956D46DE8}") = "external", "external", "{F9B53622-CBE4-49E8-8777-E08501CD6E2B}"
EndProject
Project("{8BB2217D-0F2D-49D1-97BC-3654ED321F3B}") = "Folke.Identity.Server", "..\Folke.Identity.Server\src\Folke.Identity.Server\Folke.Identity.Server.xproj", "{56112C86-D79A-4FE6-B23E-A1924A2B9EBA}"
EndProject
Project("{8BB2217D-0F2D-49D1-97BC-3654ED321F3B}") = "Folke.Mvc.Extensions", "..\Folke.Mvc.Extensions\src\Folke.Mvc.Extensions\Folke.Mvc.Extensions.xproj", "{FEFBB264-4B6B-40FB-9870-ED3701890973}"
EndProject
Project("{8BB2217D-0F2D-49D1-97BC-3654ED321F3B}") = "Folke.CsTsService", "..\Folke.CsTsService\src\Folke.CsTsService\Folke.CsTsService.xproj", "{94CA25FD-9EC5-483D-A7ED-5DB0F03D414A}"
EndProject
Project("{8BB2217D-0F2D-49D1-97BC-3654ED321F3B}") = "Folke.Etxea", "src\Folke.Etxea\Folke.Etxea.xproj", "{B17FB0F1-4125-482C-8218-5C1C876BC850}"
EndProject
Project("{8BB2217D-0F2D-49D1-97BC-3654ED321F3B}") = "Folke.Identity.Elm", "..\Folke.Identity.Elm\src\Folke.Identity.Elm\Folke.Identity.Elm.xproj", "{579509D0-86D2-467D-9361-4E926219DB08}"
EndProject
Project("{8BB2217D-0F2D-49D1-97BC-3654ED321F3B}") = "Folke.Elm", "..\Folke.Elm\src\Folke.Elm\Folke.Elm.xproj", "{84AEEC39-B019-4DF3-AD7B-F31A733822D2}"
EndProject
Project("{8BB2217D-0F2D-49D1-97BC-3654ED321F3B}") = "Folke.Forum", "..\Folke.Forum\src\Folke.Forum\Folke.Forum.xproj", "{CA6A529E-B052-4AE6-A8BC-680C414FFAD7}"
EndProject
Project("{8BB2217D-0F2D-49D1-97BC-3654ED321F3B}") = "Folke.Elm.Sqlite", "..\Folke.Elm\src\Folke.Elm.Sqlite\Folke.Elm.Sqlite.xproj", "{E9D45571-3392-406F-AB57-7A5891BF5D67}"
EndProject
Project("{8BB2217D-0F2D-49D1-97BC-3654ED321F3B}") = "Microsoft.AspNetCore.Mvc", "..\Mvc\src\Microsoft.AspNetCore.Mvc\Microsoft.AspNetCore.Mvc.xproj", "{079EFA1F-0B0A-4853-B27B-5780D111CD85}"
EndProject
Project("{8BB2217D-0F2D-49D1-97BC-3654ED321F3B}") = "Microsoft.AspNetCore.Mvc.Abstractions", "..\Mvc\src\Microsoft.AspNetCore.Mvc.Abstractions\Microsoft.AspNetCore.Mvc.Abstractions.xproj", "{1154203C-7579-4525-906E-BC55268421C1}"
EndProject
Project("{8BB2217D-0F2D-49D1-97BC-3654ED321F3B}") = "Microsoft.AspNetCore.Mvc.ApiExplorer", "..\Mvc\src\Microsoft.AspNetCore.Mvc.ApiExplorer\Microsoft.AspNetCore.Mvc.ApiExplorer.xproj", "{A2B72833-5D70-4C42-AE85-E0319926FB8A}"
EndProject
Project("{8BB2217D-0F2D-49D1-97BC-3654ED321F3B}") = "Microsoft.AspNetCore.Mvc.Core", "..\Mvc\src\Microsoft.AspNetCore.Mvc.Core\Microsoft.AspNetCore.Mvc.Core.xproj", "{C48DA9D7-ACB5-4408-AA79-27ECB60A67EF}"
EndProject
Project("{8BB2217D-0F2D-49D1-97BC-3654ED321F3B}") = "Microsoft.AspNetCore.Mvc.Cors", "..\Mvc\src\Microsoft.AspNetCore.Mvc.Cors\Microsoft.AspNetCore.Mvc.Cors.xproj", "{9A07EEA2-942E-4969-9D41-799B6E2D1FF5}"
EndProject
Project("{8BB2217D-0F2D-49D1-97BC-3654ED321F3B}") = "Microsoft.AspNetCore.Mvc.DataAnnotations", "..\Mvc\src\Microsoft.AspNetCore.Mvc.DataAnnotations\Microsoft.AspNetCore.Mvc.DataAnnotations.xproj", "{2DD786CA-7AF7-437A-B499-801A589B9A1C}"
EndProject
Project("{8BB2217D-0F2D-49D1-97BC-3654ED321F3B}") = "Microsoft.AspNetCore.Mvc.Formatters.Json", "..\Mvc\src\Microsoft.AspNetCore.Mvc.Formatters.Json\Microsoft.AspNetCore.Mvc.Formatters.Json.xproj", "{3FC8D9D6-9352-43A3-8E81-422F270085B7}"
EndProject
Project("{8BB2217D-0F2D-49D1-97BC-3654ED321F3B}") = "Microsoft.AspNetCore.Mvc.Localization", "..\Mvc\src\Microsoft.AspNetCore.Mvc.Localization\Microsoft.AspNetCore.Mvc.Localization.xproj", "{50893B10-5735-4F35-9995-F81DA3F0189E}"
EndProject
Project("{8BB2217D-0F2D-49D1-97BC-3654ED321F3B}") = "Microsoft.AspNetCore.Mvc.Razor", "..\Mvc\src\Microsoft.AspNetCore.Mvc.Razor\Microsoft.AspNetCore.Mvc.Razor.xproj", "{314E9AD6-2FFC-4A92-A8AD-510658C64F1E}"
EndProject
Project("{8BB2217D-0F2D-49D1-97BC-3654ED321F3B}") = "Microsoft.AspNetCore.Mvc.Razor.Host", "..\Mvc\src\Microsoft.AspNetCore.Mvc.Razor.Host\Microsoft.AspNetCore.Mvc.Razor.Host.xproj", "{520B3AA4-363A-497C-8C15-80423C5AFC85}"
EndProject
Project("{8BB2217D-0F2D-49D1-97BC-3654ED321F3B}") = "Microsoft.AspNetCore.Mvc.TagHelpers", "..\Mvc\src\Microsoft.AspNetCore.Mvc.TagHelpers\Microsoft.AspNetCore.Mvc.TagHelpers.xproj", "{B2347320-308E-4D2B-AEC8-005DFA68B0C9}"
EndProject
Project("{8BB2217D-0F2D-49D1-97BC-3654ED321F3B}") = "Microsoft.AspNetCore.Mvc.ViewFeatures", "..\Mvc\src\Microsoft.AspNetCore.Mvc.ViewFeatures\Microsoft.AspNetCore.Mvc.ViewFeatures.xproj", "{3F8B8FC1-9FE4-4788-8991-367113E8D7AD}"
EndProject
Global
	GlobalSection(SolutionConfigurationPlatforms) = preSolution
		Debug|Any CPU = Debug|Any CPU
		Release|Any CPU = Release|Any CPU
	EndGlobalSection
	GlobalSection(ProjectConfigurationPlatforms) = postSolution
		{56112C86-D79A-4FE6-B23E-A1924A2B9EBA}.Debug|Any CPU.ActiveCfg = Debug|Any CPU
		{56112C86-D79A-4FE6-B23E-A1924A2B9EBA}.Debug|Any CPU.Build.0 = Debug|Any CPU
		{56112C86-D79A-4FE6-B23E-A1924A2B9EBA}.Release|Any CPU.ActiveCfg = Release|Any CPU
		{56112C86-D79A-4FE6-B23E-A1924A2B9EBA}.Release|Any CPU.Build.0 = Release|Any CPU
		{FEFBB264-4B6B-40FB-9870-ED3701890973}.Debug|Any CPU.ActiveCfg = Debug|Any CPU
		{FEFBB264-4B6B-40FB-9870-ED3701890973}.Debug|Any CPU.Build.0 = Debug|Any CPU
		{FEFBB264-4B6B-40FB-9870-ED3701890973}.Release|Any CPU.ActiveCfg = Release|Any CPU
		{FEFBB264-4B6B-40FB-9870-ED3701890973}.Release|Any CPU.Build.0 = Release|Any CPU
		{94CA25FD-9EC5-483D-A7ED-5DB0F03D414A}.Debug|Any CPU.ActiveCfg = Debug|Any CPU
		{94CA25FD-9EC5-483D-A7ED-5DB0F03D414A}.Debug|Any CPU.Build.0 = Debug|Any CPU
		{94CA25FD-9EC5-483D-A7ED-5DB0F03D414A}.Release|Any CPU.ActiveCfg = Release|Any CPU
		{94CA25FD-9EC5-483D-A7ED-5DB0F03D414A}.Release|Any CPU.Build.0 = Release|Any CPU
		{B17FB0F1-4125-482C-8218-5C1C876BC850}.Debug|Any CPU.ActiveCfg = Debug|Any CPU
		{B17FB0F1-4125-482C-8218-5C1C876BC850}.Debug|Any CPU.Build.0 = Debug|Any CPU
		{B17FB0F1-4125-482C-8218-5C1C876BC850}.Release|Any CPU.ActiveCfg = Release|Any CPU
		{B17FB0F1-4125-482C-8218-5C1C876BC850}.Release|Any CPU.Build.0 = Release|Any CPU
		{579509D0-86D2-467D-9361-4E926219DB08}.Debug|Any CPU.ActiveCfg = Debug|Any CPU
		{579509D0-86D2-467D-9361-4E926219DB08}.Debug|Any CPU.Build.0 = Debug|Any CPU
		{579509D0-86D2-467D-9361-4E926219DB08}.Release|Any CPU.ActiveCfg = Release|Any CPU
		{579509D0-86D2-467D-9361-4E926219DB08}.Release|Any CPU.Build.0 = Release|Any CPU
		{84AEEC39-B019-4DF3-AD7B-F31A733822D2}.Debug|Any CPU.ActiveCfg = Debug|Any CPU
		{84AEEC39-B019-4DF3-AD7B-F31A733822D2}.Debug|Any CPU.Build.0 = Debug|Any CPU
		{84AEEC39-B019-4DF3-AD7B-F31A733822D2}.Release|Any CPU.ActiveCfg = Release|Any CPU
		{84AEEC39-B019-4DF3-AD7B-F31A733822D2}.Release|Any CPU.Build.0 = Release|Any CPU
		{CA6A529E-B052-4AE6-A8BC-680C414FFAD7}.Debug|Any CPU.ActiveCfg = Debug|Any CPU
		{CA6A529E-B052-4AE6-A8BC-680C414FFAD7}.Debug|Any CPU.Build.0 = Debug|Any CPU
		{CA6A529E-B052-4AE6-A8BC-680C414FFAD7}.Release|Any CPU.ActiveCfg = Release|Any CPU
		{CA6A529E-B052-4AE6-A8BC-680C414FFAD7}.Release|Any CPU.Build.0 = Release|Any CPU
		{E9D45571-3392-406F-AB57-7A5891BF5D67}.Debug|Any CPU.ActiveCfg = Debug|Any CPU
		{E9D45571-3392-406F-AB57-7A5891BF5D67}.Debug|Any CPU.Build.0 = Debug|Any CPU
		{E9D45571-3392-406F-AB57-7A5891BF5D67}.Release|Any CPU.ActiveCfg = Release|Any CPU
		{E9D45571-3392-406F-AB57-7A5891BF5D67}.Release|Any CPU.Build.0 = Release|Any CPU
		{079EFA1F-0B0A-4853-B27B-5780D111CD85}.Debug|Any CPU.ActiveCfg = Debug|Any CPU
		{079EFA1F-0B0A-4853-B27B-5780D111CD85}.Debug|Any CPU.Build.0 = Debug|Any CPU
		{079EFA1F-0B0A-4853-B27B-5780D111CD85}.Release|Any CPU.ActiveCfg = Release|Any CPU
		{079EFA1F-0B0A-4853-B27B-5780D111CD85}.Release|Any CPU.Build.0 = Release|Any CPU
		{1154203C-7579-4525-906E-BC55268421C1}.Debug|Any CPU.ActiveCfg = Debug|Any CPU
		{1154203C-7579-4525-906E-BC55268421C1}.Debug|Any CPU.Build.0 = Debug|Any CPU
		{1154203C-7579-4525-906E-BC55268421C1}.Release|Any CPU.ActiveCfg = Release|Any CPU
		{1154203C-7579-4525-906E-BC55268421C1}.Release|Any CPU.Build.0 = Release|Any CPU
		{A2B72833-5D70-4C42-AE85-E0319926FB8A}.Debug|Any CPU.ActiveCfg = Debug|Any CPU
		{A2B72833-5D70-4C42-AE85-E0319926FB8A}.Debug|Any CPU.Build.0 = Debug|Any CPU
		{A2B72833-5D70-4C42-AE85-E0319926FB8A}.Release|Any CPU.ActiveCfg = Release|Any CPU
		{A2B72833-5D70-4C42-AE85-E0319926FB8A}.Release|Any CPU.Build.0 = Release|Any CPU
		{C48DA9D7-ACB5-4408-AA79-27ECB60A67EF}.Debug|Any CPU.ActiveCfg = Debug|Any CPU
		{C48DA9D7-ACB5-4408-AA79-27ECB60A67EF}.Debug|Any CPU.Build.0 = Debug|Any CPU
		{C48DA9D7-ACB5-4408-AA79-27ECB60A67EF}.Release|Any CPU.ActiveCfg = Release|Any CPU
		{C48DA9D7-ACB5-4408-AA79-27ECB60A67EF}.Release|Any CPU.Build.0 = Release|Any CPU
		{9A07EEA2-942E-4969-9D41-799B6E2D1FF5}.Debug|Any CPU.ActiveCfg = Debug|Any CPU
		{9A07EEA2-942E-4969-9D41-799B6E2D1FF5}.Debug|Any CPU.Build.0 = Debug|Any CPU
		{9A07EEA2-942E-4969-9D41-799B6E2D1FF5}.Release|Any CPU.ActiveCfg = Release|Any CPU
		{9A07EEA2-942E-4969-9D41-799B6E2D1FF5}.Release|Any CPU.Build.0 = Release|Any CPU
		{2DD786CA-7AF7-437A-B499-801A589B9A1C}.Debug|Any CPU.ActiveCfg = Debug|Any CPU
		{2DD786CA-7AF7-437A-B499-801A589B9A1C}.Debug|Any CPU.Build.0 = Debug|Any CPU
		{2DD786CA-7AF7-437A-B499-801A589B9A1C}.Release|Any CPU.ActiveCfg = Release|Any CPU
		{2DD786CA-7AF7-437A-B499-801A589B9A1C}.Release|Any CPU.Build.0 = Release|Any CPU
		{3FC8D9D6-9352-43A3-8E81-422F270085B7}.Debug|Any CPU.ActiveCfg = Debug|Any CPU
		{3FC8D9D6-9352-43A3-8E81-422F270085B7}.Debug|Any CPU.Build.0 = Debug|Any CPU
		{3FC8D9D6-9352-43A3-8E81-422F270085B7}.Release|Any CPU.ActiveCfg = Release|Any CPU
		{3FC8D9D6-9352-43A3-8E81-422F270085B7}.Release|Any CPU.Build.0 = Release|Any CPU
		{50893B10-5735-4F35-9995-F81DA3F0189E}.Debug|Any CPU.ActiveCfg = Debug|Any CPU
		{50893B10-5735-4F35-9995-F81DA3F0189E}.Debug|Any CPU.Build.0 = Debug|Any CPU
		{50893B10-5735-4F35-9995-F81DA3F0189E}.Release|Any CPU.ActiveCfg = Release|Any CPU
		{50893B10-5735-4F35-9995-F81DA3F0189E}.Release|Any CPU.Build.0 = Release|Any CPU
		{314E9AD6-2FFC-4A92-A8AD-510658C64F1E}.Debug|Any CPU.ActiveCfg = Debug|Any CPU
		{314E9AD6-2FFC-4A92-A8AD-510658C64F1E}.Debug|Any CPU.Build.0 = Debug|Any CPU
		{314E9AD6-2FFC-4A92-A8AD-510658C64F1E}.Release|Any CPU.ActiveCfg = Release|Any CPU
		{314E9AD6-2FFC-4A92-A8AD-510658C64F1E}.Release|Any CPU.Build.0 = Release|Any CPU
		{520B3AA4-363A-497C-8C15-80423C5AFC85}.Debug|Any CPU.ActiveCfg = Debug|Any CPU
		{520B3AA4-363A-497C-8C15-80423C5AFC85}.Debug|Any CPU.Build.0 = Debug|Any CPU
		{520B3AA4-363A-497C-8C15-80423C5AFC85}.Release|Any CPU.ActiveCfg = Release|Any CPU
		{520B3AA4-363A-497C-8C15-80423C5AFC85}.Release|Any CPU.Build.0 = Release|Any CPU
		{B2347320-308E-4D2B-AEC8-005DFA68B0C9}.Debug|Any CPU.ActiveCfg = Debug|Any CPU
		{B2347320-308E-4D2B-AEC8-005DFA68B0C9}.Debug|Any CPU.Build.0 = Debug|Any CPU
		{B2347320-308E-4D2B-AEC8-005DFA68B0C9}.Release|Any CPU.ActiveCfg = Release|Any CPU
		{B2347320-308E-4D2B-AEC8-005DFA68B0C9}.Release|Any CPU.Build.0 = Release|Any CPU
		{3F8B8FC1-9FE4-4788-8991-367113E8D7AD}.Debug|Any CPU.ActiveCfg = Debug|Any CPU
		{3F8B8FC1-9FE4-4788-8991-367113E8D7AD}.Debug|Any CPU.Build.0 = Debug|Any CPU
		{3F8B8FC1-9FE4-4788-8991-367113E8D7AD}.Release|Any CPU.ActiveCfg = Release|Any CPU
		{3F8B8FC1-9FE4-4788-8991-367113E8D7AD}.Release|Any CPU.Build.0 = Release|Any CPU
	EndGlobalSection
	GlobalSection(SolutionProperties) = preSolution
		HideSolutionNode = FALSE
	EndGlobalSection
	GlobalSection(NestedProjects) = preSolution
		{56112C86-D79A-4FE6-B23E-A1924A2B9EBA} = {F9B53622-CBE4-49E8-8777-E08501CD6E2B}
		{FEFBB264-4B6B-40FB-9870-ED3701890973} = {F9B53622-CBE4-49E8-8777-E08501CD6E2B}
		{94CA25FD-9EC5-483D-A7ED-5DB0F03D414A} = {F9B53622-CBE4-49E8-8777-E08501CD6E2B}
		{B17FB0F1-4125-482C-8218-5C1C876BC850} = {263A9531-33AF-4CD2-9898-6335EFB5CE95}
		{579509D0-86D2-467D-9361-4E926219DB08} = {F9B53622-CBE4-49E8-8777-E08501CD6E2B}
		{84AEEC39-B019-4DF3-AD7B-F31A733822D2} = {F9B53622-CBE4-49E8-8777-E08501CD6E2B}
		{CA6A529E-B052-4AE6-A8BC-680C414FFAD7} = {F9B53622-CBE4-49E8-8777-E08501CD6E2B}
		{E9D45571-3392-406F-AB57-7A5891BF5D67} = {F9B53622-CBE4-49E8-8777-E08501CD6E2B}
		{079EFA1F-0B0A-4853-B27B-5780D111CD85} = {F9B53622-CBE4-49E8-8777-E08501CD6E2B}
		{1154203C-7579-4525-906E-BC55268421C1} = {F9B53622-CBE4-49E8-8777-E08501CD6E2B}
		{A2B72833-5D70-4C42-AE85-E0319926FB8A} = {F9B53622-CBE4-49E8-8777-E08501CD6E2B}
		{C48DA9D7-ACB5-4408-AA79-27ECB60A67EF} = {F9B53622-CBE4-49E8-8777-E08501CD6E2B}
		{9A07EEA2-942E-4969-9D41-799B6E2D1FF5} = {F9B53622-CBE4-49E8-8777-E08501CD6E2B}
		{2DD786CA-7AF7-437A-B499-801A589B9A1C} = {F9B53622-CBE4-49E8-8777-E08501CD6E2B}
		{3FC8D9D6-9352-43A3-8E81-422F270085B7} = {F9B53622-CBE4-49E8-8777-E08501CD6E2B}
		{50893B10-5735-4F35-9995-F81DA3F0189E} = {F9B53622-CBE4-49E8-8777-E08501CD6E2B}
		{314E9AD6-2FFC-4A92-A8AD-510658C64F1E} = {F9B53622-CBE4-49E8-8777-E08501CD6E2B}
		{520B3AA4-363A-497C-8C15-80423C5AFC85} = {F9B53622-CBE4-49E8-8777-E08501CD6E2B}
		{B2347320-308E-4D2B-AEC8-005DFA68B0C9} = {F9B53622-CBE4-49E8-8777-E08501CD6E2B}
		{3F8B8FC1-9FE4-4788-8991-367113E8D7AD} = {F9B53622-CBE4-49E8-8777-E08501CD6E2B}
	EndGlobalSection
EndGlobal
