
Microsoft Visual Studio Solution File, Format Version 12.00
# Visual Studio 14
VisualStudioVersion = 14.0.25420.1
MinimumVisualStudioVersion = 10.0.40219.1
Project("{2150E333-8FDC-42A3-9474-1A3956D46DE8}") = "src", "src", "{263A9531-33AF-4CD2-9898-6335EFB5CE95}"
EndProject
Project("{2150E333-8FDC-42A3-9474-1A3956D46DE8}") = "Solution Items", "Solution Items", "{7C4AA7F9-760B-4472-A36F-ADB9844D5CED}"
	ProjectSection(SolutionItems) = preProject
		global.json = global.json
	EndProjectSection
EndProject
Project("{2150E333-8FDC-42A3-9474-1A3956D46DE8}") = "external", "external", "{F9B53622-CBE4-49E8-8777-E08501CD6E2B}"
EndProject
Project("{8BB2217D-0F2D-49D1-97BC-3654ED321F3B}") = "Folke.Identity.Server", "..\Folke.Identity.Server\src\Folke.Identity.Server\Folke.Identity.Server.xproj", "{56112C86-D79A-4FE6-B23E-A1924A2B9EBA}"
EndProject
Project("{8BB2217D-0F2D-49D1-97BC-3654ED321F3B}") = "Folke.Mvc.Extensions", "..\Folke.Mvc.Extensions\src\Folke.Mvc.Extensions\Folke.Mvc.Extensions.xproj", "{FEFBB264-4B6B-40FB-9870-ED3701890973}"
EndProject
Project("{8BB2217D-0F2D-49D1-97BC-3654ED321F3B}") = "Folke.CsTsService", "..\Folke.CsTsService\src\Folke.CsTsService\Folke.CsTsService.xproj", "{94CA25FD-9EC5-483D-A7ED-5DB0F03D414A}"
EndProject
Project("{8BB2217D-0F2D-49D1-97BC-3654ED321F3B}") = "Folke.Etxea", "src\Folke.Etxea\Folke.Etxea.xproj", "{B17FB0F1-4125-482C-8218-5C1C876BC850}"
EndProject
Project("{8BB2217D-0F2D-49D1-97BC-3654ED321F3B}") = "Folke.Identity.Elm", "..\Folke.Identity.Elm\src\Folke.Identity.Elm\Folke.Identity.Elm.xproj", "{579509D0-86D2-467D-9361-4E926219DB08}"
EndProject
Project("{8BB2217D-0F2D-49D1-97BC-3654ED321F3B}") = "Folke.Elm", "..\Folke.Elm\src\Folke.Elm\Folke.Elm.xproj", "{84AEEC39-B019-4DF3-AD7B-F31A733822D2}"
EndProject
Project("{8BB2217D-0F2D-49D1-97BC-3654ED321F3B}") = "Folke.Forum", "..\Folke.Forum\src\Folke.Forum\Folke.Forum.xproj", "{CA6A529E-B052-4AE6-A8BC-680C414FFAD7}"
EndProject
Project("{8BB2217D-0F2D-49D1-97BC-3654ED321F3B}") = "Folke.Elm.PostgreSql", "..\Folke.Elm\src\Folke.Elm.PostgreSql\Folke.Elm.PostgreSql.xproj", "{671D41F3-2AE6-4D15-9FC5-5C77CC9363E9}"
EndProject
Global
	GlobalSection(SolutionConfigurationPlatforms) = preSolution
		Debug|Any CPU = Debug|Any CPU
		Release|Any CPU = Release|Any CPU
	EndGlobalSection
	GlobalSection(ProjectConfigurationPlatforms) = postSolution
		{56112C86-D79A-4FE6-B23E-A1924A2B9EBA}.Debug|Any CPU.ActiveCfg = Debug|Any CPU
		{56112C86-D79A-4FE6-B23E-A1924A2B9EBA}.Debug|Any CPU.Build.0 = Debug|Any CPU
		{56112C86-D79A-4FE6-B23E-A1924A2B9EBA}.Release|Any CPU.ActiveCfg = Release|Any CPU
		{56112C86-D79A-4FE6-B23E-A1924A2B9EBA}.Release|Any CPU.Build.0 = Release|Any CPU
		{FEFBB264-4B6B-40FB-9870-ED3701890973}.Debug|Any CPU.ActiveCfg = Debug|Any CPU
		{FEFBB264-4B6B-40FB-9870-ED3701890973}.Debug|Any CPU.Build.0 = Debug|Any CPU
		{FEFBB264-4B6B-40FB-9870-ED3701890973}.Release|Any CPU.ActiveCfg = Release|Any CPU
		{FEFBB264-4B6B-40FB-9870-ED3701890973}.Release|Any CPU.Build.0 = Release|Any CPU
		{94CA25FD-9EC5-483D-A7ED-5DB0F03D414A}.Debug|Any CPU.ActiveCfg = Debug|Any CPU
		{94CA25FD-9EC5-483D-A7ED-5DB0F03D414A}.Debug|Any CPU.Build.0 = Debug|Any CPU
		{94CA25FD-9EC5-483D-A7ED-5DB0F03D414A}.Release|Any CPU.ActiveCfg = Release|Any CPU
		{94CA25FD-9EC5-483D-A7ED-5DB0F03D414A}.Release|Any CPU.Build.0 = Release|Any CPU
		{B17FB0F1-4125-482C-8218-5C1C876BC850}.Debug|Any CPU.ActiveCfg = Debug|Any CPU
		{B17FB0F1-4125-482C-8218-5C1C876BC850}.Debug|Any CPU.Build.0 = Debug|Any CPU
		{B17FB0F1-4125-482C-8218-5C1C876BC850}.Release|Any CPU.ActiveCfg = Release|Any CPU
		{B17FB0F1-4125-482C-8218-5C1C876BC850}.Release|Any CPU.Build.0 = Release|Any CPU
		{579509D0-86D2-467D-9361-4E926219DB08}.Debug|Any CPU.ActiveCfg = Debug|Any CPU
		{579509D0-86D2-467D-9361-4E926219DB08}.Debug|Any CPU.Build.0 = Debug|Any CPU
		{579509D0-86D2-467D-9361-4E926219DB08}.Release|Any CPU.ActiveCfg = Release|Any CPU
		{579509D0-86D2-467D-9361-4E926219DB08}.Release|Any CPU.Build.0 = Release|Any CPU
		{84AEEC39-B019-4DF3-AD7B-F31A733822D2}.Debug|Any CPU.ActiveCfg = Debug|Any CPU
		{84AEEC39-B019-4DF3-AD7B-F31A733822D2}.Debug|Any CPU.Build.0 = Debug|Any CPU
		{84AEEC39-B019-4DF3-AD7B-F31A733822D2}.Release|Any CPU.ActiveCfg = Release|Any CPU
		{84AEEC39-B019-4DF3-AD7B-F31A733822D2}.Release|Any CPU.Build.0 = Release|Any CPU
		{CA6A529E-B052-4AE6-A8BC-680C414FFAD7}.Debug|Any CPU.ActiveCfg = Debug|Any CPU
		{CA6A529E-B052-4AE6-A8BC-680C414FFAD7}.Debug|Any CPU.Build.0 = Debug|Any CPU
		{CA6A529E-B052-4AE6-A8BC-680C414FFAD7}.Release|Any CPU.ActiveCfg = Release|Any CPU
		{CA6A529E-B052-4AE6-A8BC-680C414FFAD7}.Release|Any CPU.Build.0 = Release|Any CPU
		{671D41F3-2AE6-4D15-9FC5-5C77CC9363E9}.Debug|Any CPU.ActiveCfg = Debug|Any CPU
		{671D41F3-2AE6-4D15-9FC5-5C77CC9363E9}.Debug|Any CPU.Build.0 = Debug|Any CPU
		{671D41F3-2AE6-4D15-9FC5-5C77CC9363E9}.Release|Any CPU.ActiveCfg = Release|Any CPU
		{671D41F3-2AE6-4D15-9FC5-5C77CC9363E9}.Release|Any CPU.Build.0 = Release|Any CPU
	EndGlobalSection
	GlobalSection(SolutionProperties) = preSolution
		HideSolutionNode = FALSE
	EndGlobalSection
	GlobalSection(NestedProjects) = preSolution
		{56112C86-D79A-4FE6-B23E-A1924A2B9EBA} = {F9B53622-CBE4-49E8-8777-E08501CD6E2B}
		{FEFBB264-4B6B-40FB-9870-ED3701890973} = {F9B53622-CBE4-49E8-8777-E08501CD6E2B}
		{94CA25FD-9EC5-483D-A7ED-5DB0F03D414A} = {F9B53622-CBE4-49E8-8777-E08501CD6E2B}
		{B17FB0F1-4125-482C-8218-5C1C876BC850} = {263A9531-33AF-4CD2-9898-6335EFB5CE95}
		{579509D0-86D2-467D-9361-4E926219DB08} = {F9B53622-CBE4-49E8-8777-E08501CD6E2B}
		{84AEEC39-B019-4DF3-AD7B-F31A733822D2} = {F9B53622-CBE4-49E8-8777-E08501CD6E2B}
		{CA6A529E-B052-4AE6-A8BC-680C414FFAD7} = {F9B53622-CBE4-49E8-8777-E08501CD6E2B}
		{671D41F3-2AE6-4D15-9FC5-5C77CC9363E9} = {F9B53622-CBE4-49E8-8777-E08501CD6E2B}
	EndGlobalSection
EndGlobal
